
Microsoft Visual Studio Solution File, Format Version 12.00
# Visual Studio Version 17
VisualStudioVersion = 17.8.34511.84
MinimumVisualStudioVersion = 10.0.40219.1
Project("{FAE04EC0-301F-11D3-BF4B-00C04F79EFBC}") = "aplicacionEjemploCS3", "aplicacionEjemploCS3\aplicacionEjemploCS3.csproj", "{7D6A5AB2-DAF1-42C5-A9F3-19BCE914D4A4}"
EndProject
Project("{FAE04EC0-301F-11D3-BF4B-00C04F79EFBC}") = "dominio", "dominio\dominio.csproj", "{FAD4FEAA-4598-4F24-96A2-7C8FEDF9ED2E}"
EndProject
Project("{FAE04EC0-301F-11D3-BF4B-00C04F79EFBC}") = "negocio", "negocio\negocio.csproj", "{3676E7F9-F628-4EEB-993B-F5F03FEB204C}"
EndProject
Global
	GlobalSection(SolutionConfigurationPlatforms) = preSolution
		Debug|Any CPU = Debug|Any CPU
		Release|Any CPU = Release|Any CPU
	EndGlobalSection
	GlobalSection(ProjectConfigurationPlatforms) = postSolution
		{7D6A5AB2-DAF1-42C5-A9F3-19BCE914D4A4}.Debug|Any CPU.ActiveCfg = Debug|Any CPU
		{7D6A5AB2-DAF1-42C5-A9F3-19BCE914D4A4}.Debug|Any CPU.Build.0 = Debug|Any CPU
		{7D6A5AB2-DAF1-42C5-A9F3-19BCE914D4A4}.Release|Any CPU.ActiveCfg = Release|Any CPU
		{7D6A5AB2-DAF1-42C5-A9F3-19BCE914D4A4}.Release|Any CPU.Build.0 = Release|Any CPU
		{FAD4FEAA-4598-4F24-96A2-7C8FEDF9ED2E}.Debug|Any CPU.ActiveCfg = Debug|Any CPU
		{FAD4FEAA-4598-4F24-96A2-7C8FEDF9ED2E}.Debug|Any CPU.Build.0 = Debug|Any CPU
		{FAD4FEAA-4598-4F24-96A2-7C8FEDF9ED2E}.Release|Any CPU.ActiveCfg = Release|Any CPU
		{FAD4FEAA-4598-4F24-96A2-7C8FEDF9ED2E}.Release|Any CPU.Build.0 = Release|Any CPU
		{3676E7F9-F628-4EEB-993B-F5F03FEB204C}.Debug|Any CPU.ActiveCfg = Debug|Any CPU
		{3676E7F9-F628-4EEB-993B-F5F03FEB204C}.Debug|Any CPU.Build.0 = Debug|Any CPU
		{3676E7F9-F628-4EEB-993B-F5F03FEB204C}.Release|Any CPU.ActiveCfg = Release|Any CPU
		{3676E7F9-F628-4EEB-993B-F5F03FEB204C}.Release|Any CPU.Build.0 = Release|Any CPU
	EndGlobalSection
	GlobalSection(SolutionProperties) = preSolution
		HideSolutionNode = FALSE
	EndGlobalSection
	GlobalSection(ExtensibilityGlobals) = postSolution
		SolutionGuid = {5F9B732C-C4FF-4536-B161-0A13CE1C1833}
	EndGlobalSection
EndGlobal
